
Microsoft Visual Studio Solution File, Format Version 12.00
# Visual Studio 15
VisualStudioVersion = 15.0.28307.136
MinimumVisualStudioVersion = 10.0.40219.1
Project("{FAE04EC0-301F-11D3-BF4B-00C04F79EFBC}") = "Silver", "Silver\Silver.csproj", "{DB4BA473-877B-4732-BDA0-125A06EA0696}"
EndProject
Project("{FAE04EC0-301F-11D3-BF4B-00C04F79EFBC}") = "AurelienRibon.Ui.SyntaxHighlightBox", "AurelienRibon.Ui.SyntaxHighlightBox\AurelienRibon.Ui.SyntaxHighlightBox.csproj", "{10A9ECD3-AE1E-494D-9A27-8A32DD581759}"
EndProject
Project("{FAE04EC0-301F-11D3-BF4B-00C04F79EFBC}") = "Silver.ModelViewer", "ModelViewer\Silver.ModelViewer.csproj", "{DB571F4C-6058-4CA4-A93C-84B13A21F662}"
EndProject
Global
	GlobalSection(SolutionConfigurationPlatforms) = preSolution
		Debug|Any CPU = Debug|Any CPU
		Release|Any CPU = Release|Any CPU
	EndGlobalSection
	GlobalSection(ProjectConfigurationPlatforms) = postSolution
		{DB4BA473-877B-4732-BDA0-125A06EA0696}.Debug|Any CPU.ActiveCfg = Debug|Any CPU
		{DB4BA473-877B-4732-BDA0-125A06EA0696}.Debug|Any CPU.Build.0 = Debug|Any CPU
		{DB4BA473-877B-4732-BDA0-125A06EA0696}.Release|Any CPU.ActiveCfg = Release|Any CPU
		{DB4BA473-877B-4732-BDA0-125A06EA0696}.Release|Any CPU.Build.0 = Release|Any CPU
		{10A9ECD3-AE1E-494D-9A27-8A32DD581759}.Debug|Any CPU.ActiveCfg = Debug|Any CPU
		{10A9ECD3-AE1E-494D-9A27-8A32DD581759}.Debug|Any CPU.Build.0 = Debug|Any CPU
		{10A9ECD3-AE1E-494D-9A27-8A32DD581759}.Release|Any CPU.ActiveCfg = Release|Any CPU
		{10A9ECD3-AE1E-494D-9A27-8A32DD581759}.Release|Any CPU.Build.0 = Release|Any CPU
		{DB571F4C-6058-4CA4-A93C-84B13A21F662}.Debug|Any CPU.ActiveCfg = Debug|Any CPU
		{DB571F4C-6058-4CA4-A93C-84B13A21F662}.Debug|Any CPU.Build.0 = Debug|Any CPU
		{DB571F4C-6058-4CA4-A93C-84B13A21F662}.Release|Any CPU.ActiveCfg = Release|Any CPU
		{DB571F4C-6058-4CA4-A93C-84B13A21F662}.Release|Any CPU.Build.0 = Release|Any CPU
	EndGlobalSection
	GlobalSection(SolutionProperties) = preSolution
		HideSolutionNode = FALSE
	EndGlobalSection
	GlobalSection(ExtensibilityGlobals) = postSolution
		SolutionGuid = {F12A0FE5-346F-4638-9227-BCB3068A040A}
	EndGlobalSection
EndGlobal
